
Microsoft Visual Studio Solution File, Format Version 12.00
# Visual Studio Version 16
VisualStudioVersion = 16.0.31702.278
MinimumVisualStudioVersion = 10.0.40219.1
Project("{FAE04EC0-301F-11D3-BF4B-00C04F79EFBC}") = "MyFitTimer.Server", "MyFitTimer\Server\MyFitTimer.Server.csproj", "{681FCFA4-0E4C-4D80-8ECC-2B818AFFD9E2}"
EndProject
Project("{FAE04EC0-301F-11D3-BF4B-00C04F79EFBC}") = "MyFitTimer.Client", "MyFitTimer\Client\MyFitTimer.Client.csproj", "{35FB5E11-8BEA-48B5-82E5-4C0A7A68EA51}"
EndProject
Project("{FAE04EC0-301F-11D3-BF4B-00C04F79EFBC}") = "MyFitTimer.Shared", "MyFitTimer\Shared\MyFitTimer.Shared.csproj", "{11E5BFF8-6E5F-48D0-8E38-085108E72DC7}"
EndProject
Global
	GlobalSection(SolutionConfigurationPlatforms) = preSolution
		Debug|Any CPU = Debug|Any CPU
		Release|Any CPU = Release|Any CPU
	EndGlobalSection
	GlobalSection(ProjectConfigurationPlatforms) = postSolution
		{681FCFA4-0E4C-4D80-8ECC-2B818AFFD9E2}.Debug|Any CPU.ActiveCfg = Debug|Any CPU
		{681FCFA4-0E4C-4D80-8ECC-2B818AFFD9E2}.Debug|Any CPU.Build.0 = Debug|Any CPU
		{681FCFA4-0E4C-4D80-8ECC-2B818AFFD9E2}.Release|Any CPU.ActiveCfg = Release|Any CPU
		{681FCFA4-0E4C-4D80-8ECC-2B818AFFD9E2}.Release|Any CPU.Build.0 = Release|Any CPU
		{35FB5E11-8BEA-48B5-82E5-4C0A7A68EA51}.Debug|Any CPU.ActiveCfg = Debug|Any CPU
		{35FB5E11-8BEA-48B5-82E5-4C0A7A68EA51}.Debug|Any CPU.Build.0 = Debug|Any CPU
		{35FB5E11-8BEA-48B5-82E5-4C0A7A68EA51}.Release|Any CPU.ActiveCfg = Release|Any CPU
		{35FB5E11-8BEA-48B5-82E5-4C0A7A68EA51}.Release|Any CPU.Build.0 = Release|Any CPU
		{11E5BFF8-6E5F-48D0-8E38-085108E72DC7}.Debug|Any CPU.ActiveCfg = Debug|Any CPU
		{11E5BFF8-6E5F-48D0-8E38-085108E72DC7}.Debug|Any CPU.Build.0 = Debug|Any CPU
		{11E5BFF8-6E5F-48D0-8E38-085108E72DC7}.Release|Any CPU.ActiveCfg = Release|Any CPU
		{11E5BFF8-6E5F-48D0-8E38-085108E72DC7}.Release|Any CPU.Build.0 = Release|Any CPU
	EndGlobalSection
	GlobalSection(SolutionProperties) = preSolution
		HideSolutionNode = FALSE
	EndGlobalSection
	GlobalSection(ExtensibilityGlobals) = postSolution
		SolutionGuid = {3581AEA5-F722-4B7D-8A9F-887FC2DBCC64}
	EndGlobalSection
EndGlobal
