
Microsoft Visual Studio Solution File, Format Version 12.00
# Visual Studio Version 16
VisualStudioVersion = 16.0.31702.278
MinimumVisualStudioVersion = 10.0.40219.1
Project("{FAE04EC0-301F-11D3-BF4B-00C04F79EFBC}") = "MyFitTimer", "MyFitTimer.csproj", "{095E6C10-C60F-426F-9008-1DD6E2E318BB}"
EndProject
Global
	GlobalSection(SolutionConfigurationPlatforms) = preSolution
		Debug|Any CPU = Debug|Any CPU
		Release|Any CPU = Release|Any CPU
	EndGlobalSection
	GlobalSection(ProjectConfigurationPlatforms) = postSolution
		{095E6C10-C60F-426F-9008-1DD6E2E318BB}.Debug|Any CPU.ActiveCfg = Debug|Any CPU
		{095E6C10-C60F-426F-9008-1DD6E2E318BB}.Debug|Any CPU.Build.0 = Debug|Any CPU
		{095E6C10-C60F-426F-9008-1DD6E2E318BB}.Release|Any CPU.ActiveCfg = Release|Any CPU
		{095E6C10-C60F-426F-9008-1DD6E2E318BB}.Release|Any CPU.Build.0 = Release|Any CPU
	EndGlobalSection
	GlobalSection(SolutionProperties) = preSolution
		HideSolutionNode = FALSE
	EndGlobalSection
	GlobalSection(ExtensibilityGlobals) = postSolution
		SolutionGuid = {67834434-E56D-4740-84C4-61199478AA10}
	EndGlobalSection
EndGlobal
